
Microsoft Visual Studio Solution File, Format Version 12.00
# Visual Studio Version 16
VisualStudioVersion = 16.0.30611.23
MinimumVisualStudioVersion = 10.0.40219.1
Project("{FAE04EC0-301F-11D3-BF4B-00C04F79EFBC}") = "Purse", "Purse\Purse.csproj", "{5A417EE3-8907-4E7D-A305-55D99113E0C7}"
EndProject
Global
	GlobalSection(SolutionConfigurationPlatforms) = preSolution
		Debug|Any CPU = Debug|Any CPU
		Release|Any CPU = Release|Any CPU
	EndGlobalSection
	GlobalSection(ProjectConfigurationPlatforms) = postSolution
		{5A417EE3-8907-4E7D-A305-55D99113E0C7}.Debug|Any CPU.ActiveCfg = Debug|Any CPU
		{5A417EE3-8907-4E7D-A305-55D99113E0C7}.Debug|Any CPU.Build.0 = Debug|Any CPU
		{5A417EE3-8907-4E7D-A305-55D99113E0C7}.Release|Any CPU.ActiveCfg = Release|Any CPU
		{5A417EE3-8907-4E7D-A305-55D99113E0C7}.Release|Any CPU.Build.0 = Release|Any CPU
	EndGlobalSection
	GlobalSection(SolutionProperties) = preSolution
		HideSolutionNode = FALSE
	EndGlobalSection
	GlobalSection(ExtensibilityGlobals) = postSolution
		SolutionGuid = {C4A2A653-9AF4-4687-9012-8D04D758AC06}
	EndGlobalSection
EndGlobal
